// !$*UTF8*$!
{
	archiveVersion = 1;
	classes = {
	};
	objectVersion = 46;
	objects = {

/* Begin PBXBuildFile section */
		189C1C5A1A20BA06003B752C /* main.m in Sources */ = {isa = PBXBuildFile; fileRef = 189C1C591A20BA06003B752C /* main.m */; };
		189C1C5D1A20BA06003B752C /* AppDelegate.m in Sources */ = {isa = PBXBuildFile; fileRef = 189C1C5C1A20BA06003B752C /* AppDelegate.m */; };
		189C1C601A20BA06003B752C /* ViewController.m in Sources */ = {isa = PBXBuildFile; fileRef = 189C1C5F1A20BA06003B752C /* ViewController.m */; };
		189C1C631A20BA06003B752C /* Main.storyboard in Resources */ = {isa = PBXBuildFile; fileRef = 189C1C611A20BA06003B752C /* Main.storyboard */; };
		189C1C651A20BA06003B752C /* Images.xcassets in Resources */ = {isa = PBXBuildFile; fileRef = 189C1C641A20BA06003B752C /* Images.xcassets */; };
		189C1C681A20BA06003B752C /* LaunchScreen.xib in Resources */ = {isa = PBXBuildFile; fileRef = 189C1C661A20BA06003B752C /* LaunchScreen.xib */; };
		189C1C741A20BA06003B752C /* iOSTests.m in Sources */ = {isa = PBXBuildFile; fileRef = 189C1C731A20BA06003B752C /* iOSTests.m */; };
/* End PBXBuildFile section */

/* Begin PBXContainerItemProxy section */
		189C1C6E1A20BA06003B752C /* PBXContainerItemProxy */ = {
			isa = PBXContainerItemProxy;
			containerPortal = 189C1C4C1A20BA06003B752C /* Project object */;
			proxyType = 1;
			remoteGlobalIDString = 189C1C531A20BA06003B752C;
			remoteInfo = iOS;
		};
/* End PBXContainerItemProxy section */

/* Begin PBXFileReference section */
		189C1C541A20BA06003B752C /* iOS.app */ = {isa = PBXFileReference; explicitFileType = wrapper.application; includeInIndex = 0; path = iOS.app; sourceTree = BUILT_PRODUCTS_DIR; };
		189C1C581A20BA06003B752C /* Info.plist */ = {isa = PBXFileReference; lastKnownFileType = text.plist.xml; path = Info.plist; sourceTree = "<group>"; };
		189C1C591A20BA06003B752C /* main.m */ = {isa = PBXFileReference; lastKnownFileType = sourcecode.c.objc; path = main.m; sourceTree = "<group>"; };
		189C1C5B1A20BA06003B752C /* AppDelegate.h */ = {isa = PBXFileReference; lastKnownFileType = sourcecode.c.h; path = AppDelegate.h; sourceTree = "<group>"; };
		189C1C5C1A20BA06003B752C /* AppDelegate.m */ = {isa = PBXFileReference; lastKnownFileType = sourcecode.c.objc; path = AppDelegate.m; sourceTree = "<group>"; };
		189C1C5E1A20BA06003B752C /* ViewController.h */ = {isa = PBXFileReference; lastKnownFileType = sourcecode.c.h; path = ViewController.h; sourceTree = "<group>"; };
		189C1C5F1A20BA06003B752C /* ViewController.m */ = {isa = PBXFileReference; lastKnownFileType = sourcecode.c.objc; path = ViewController.m; sourceTree = "<group>"; };
		189C1C621A20BA06003B752C /* Base */ = {isa = PBXFileReference; lastKnownFileType = file.storyboard; name = Base; path = Base.lproj/Main.storyboard; sourceTree = "<group>"; };
		189C1C641A20BA06003B752C /* Images.xcassets */ = {isa = PBXFileReference; lastKnownFileType = folder.assetcatalog; path = Images.xcassets; sourceTree = "<group>"; };
		189C1C671A20BA06003B752C /* Base */ = {isa = PBXFileReference; lastKnownFileType = file.xib; name = Base; path = Base.lproj/LaunchScreen.xib; sourceTree = "<group>"; };
		189C1C6D1A20BA06003B752C /* iOSTests.xctest */ = {isa = PBXFileReference; explicitFileType = wrapper.cfbundle; includeInIndex = 0; path = iOSTests.xctest; sourceTree = BUILT_PRODUCTS_DIR; };
		189C1C721A20BA06003B752C /* Info.plist */ = {isa = PBXFileReference; lastKnownFileType = text.plist.xml; path = Info.plist; sourceTree = "<group>"; };
		189C1C731A20BA06003B752C /* iOSTests.m */ = {isa = PBXFileReference; lastKnownFileType = sourcecode.c.objc; path = iOSTests.m; sourceTree = "<group>"; };
/* End PBXFileReference section */

/* Begin PBXFrameworksBuildPhase section */
		189C1C511A20BA06003B752C /* Frameworks */ = {
			isa = PBXFrameworksBuildPhase;
			buildActionMask = 2147483647;
			files = (
			);
			runOnlyForDeploymentPostprocessing = 0;
		};
		189C1C6A1A20BA06003B752C /* Frameworks */ = {
			isa = PBXFrameworksBuildPhase;
			buildActionMask = 2147483647;
			files = (
			);
			runOnlyForDeploymentPostprocessing = 0;
		};
/* End PBXFrameworksBuildPhase section */

/* Begin PBXGroup section */
		189C1C4B1A20BA06003B752C = {
			isa = PBXGroup;
			children = (
				189C1C561A20BA06003B752C /* iOS */,
				189C1C701A20BA06003B752C /* iOSTests */,
				189C1C551A20BA06003B752C /* Products */,
			);
			sourceTree = "<group>";
		};
		189C1C551A20BA06003B752C /* Products */ = {
			isa = PBXGroup;
			children = (
				189C1C541A20BA06003B752C /* iOS.app */,
				189C1C6D1A20BA06003B752C /* iOSTests.xctest */,
			);
			name = Products;
			sourceTree = "<group>";
		};
		189C1C561A20BA06003B752C /* iOS */ = {
			isa = PBXGroup;
			children = (
				189C1C5B1A20BA06003B752C /* AppDelegate.h */,
				189C1C5C1A20BA06003B752C /* AppDelegate.m */,
				189C1C5E1A20BA06003B752C /* ViewController.h */,
				189C1C5F1A20BA06003B752C /* ViewController.m */,
				189C1C611A20BA06003B752C /* Main.storyboard */,
				189C1C641A20BA06003B752C /* Images.xcassets */,
				189C1C661A20BA06003B752C /* LaunchScreen.xib */,
				189C1C571A20BA06003B752C /* Supporting Files */,
			);
			path = iOS;
			sourceTree = "<group>";
		};
		189C1C571A20BA06003B752C /* Supporting Files */ = {
			isa = PBXGroup;
			children = (
				189C1C581A20BA06003B752C /* Info.plist */,
				189C1C591A20BA06003B752C /* main.m */,
			);
			name = "Supporting Files";
			sourceTree = "<group>";
		};
		189C1C701A20BA06003B752C /* iOSTests */ = {
			isa = PBXGroup;
			children = (
				189C1C731A20BA06003B752C /* iOSTests.m */,
				189C1C711A20BA06003B752C /* Supporting Files */,
			);
			path = iOSTests;
			sourceTree = "<group>";
		};
		189C1C711A20BA06003B752C /* Supporting Files */ = {
			isa = PBXGroup;
			children = (
				189C1C721A20BA06003B752C /* Info.plist */,
			);
			name = "Supporting Files";
			sourceTree = "<group>";
		};
/* End PBXGroup section */

/* Begin PBXNativeTarget section */
		189C1C531A20BA06003B752C /* iOS */ = {
			isa = PBXNativeTarget;
			buildConfigurationList = 189C1C771A20BA06003B752C /* Build configuration list for PBXNativeTarget "iOS" */;
			buildPhases = (
				189C1C501A20BA06003B752C /* Sources */,
				189C1C511A20BA06003B752C /* Frameworks */,
				189C1C521A20BA06003B752C /* Resources */,
			);
			buildRules = (
			);
			dependencies = (
			);
			name = iOS;
			productName = iOS;
			productReference = 189C1C541A20BA06003B752C /* iOS.app */;
			productType = "com.apple.product-type.application";
		};
		189C1C6C1A20BA06003B752C /* iOSTests */ = {
			isa = PBXNativeTarget;
			buildConfigurationList = 189C1C7A1A20BA06003B752C /* Build configuration list for PBXNativeTarget "iOSTests" */;
			buildPhases = (
				189C1C691A20BA06003B752C /* Sources */,
				189C1C6A1A20BA06003B752C /* Frameworks */,
				189C1C6B1A20BA06003B752C /* Resources */,
			);
			buildRules = (
			);
			dependencies = (
				189C1C6F1A20BA06003B752C /* PBXTargetDependency */,
			);
			name = iOSTests;
			productName = iOSTests;
			productReference = 189C1C6D1A20BA06003B752C /* iOSTests.xctest */;
			productType = "com.apple.product-type.bundle.unit-test";
		};
/* End PBXNativeTarget section */

/* Begin PBXProject section */
		189C1C4C1A20BA06003B752C /* Project object */ = {
			isa = PBXProject;
			attributes = {
				LastUpgradeCheck = 0610;
				ORGANIZATIONNAME = apple;
				TargetAttributes = {
					189C1C531A20BA06003B752C = {
						CreatedOnToolsVersion = 6.1;
					};
					189C1C6C1A20BA06003B752C = {
						CreatedOnToolsVersion = 6.1;
						TestTargetID = 189C1C531A20BA06003B752C;
					};
				};
			};
			buildConfigurationList = 189C1C4F1A20BA06003B752C /* Build configuration list for PBXProject "iOS" */;
			compatibilityVersion = "Xcode 3.2";
			developmentRegion = English;
			hasScannedForEncodings = 0;
			knownRegions = (
				en,
				Base,
			);
			mainGroup = 189C1C4B1A20BA06003B752C;
			productRefGroup = 189C1C551A20BA06003B752C /* Products */;
			projectDirPath = "";
			projectRoot = "";
			targets = (
				189C1C531A20BA06003B752C /* iOS */,
				189C1C6C1A20BA06003B752C /* iOSTests */,
			);
		};
/* End PBXProject section */

/* Begin PBXResourcesBuildPhase section */
		189C1C521A20BA06003B752C /* Resources */ = {
			isa = PBXResourcesBuildPhase;
			buildActionMask = 2147483647;
			files = (
				189C1C631A20BA06003B752C /* Main.storyboard in Resources */,
				189C1C681A20BA06003B752C /* LaunchScreen.xib in Resources */,
				189C1C651A20BA06003B752C /* Images.xcassets in Resources */,
			);
			runOnlyForDeploymentPostprocessing = 0;
		};
		189C1C6B1A20BA06003B752C /* Resources */ = {
			isa = PBXResourcesBuildPhase;
			buildActionMask = 2147483647;
			files = (
			);
			runOnlyForDeploymentPostprocessing = 0;
		};
/* End PBXResourcesBuildPhase section */

/* Begin PBXSourcesBuildPhase section */
		189C1C501A20BA06003B752C /* Sources */ = {
			isa = PBXSourcesBuildPhase;
			buildActionMask = 2147483647;
			files = (
				189C1C601A20BA06003B752C /* ViewController.m in Sources */,
				189C1C5D1A20BA06003B752C /* AppDelegate.m in Sources */,
				189C1C5A1A20BA06003B752C /* main.m in Sources */,
			);
			runOnlyForDeploymentPostprocessing = 0;
		};
		189C1C691A20BA06003B752C /* Sources */ = {
			isa = PBXSourcesBuildPhase;
			buildActionMask = 2147483647;
			files = (
				189C1C741A20BA06003B752C /* iOSTests.m in Sources */,
			);
			runOnlyForDeploymentPostprocessing = 0;
		};
/* End PBXSourcesBuildPhase section */

/* Begin PBXTargetDependency section */
		189C1C6F1A20BA06003B752C /* PBXTargetDependency */ = {
			isa = PBXTargetDependency;
			target = 189C1C531A20BA06003B752C /* iOS */;
			targetProxy = 189C1C6E1A20BA06003B752C /* PBXContainerItemProxy */;
		};
/* End PBXTargetDependency section */

/* Begin PBXVariantGroup section */
		189C1C611A20BA06003B752C /* Main.storyboard */ = {
			isa = PBXVariantGroup;
			children = (
				189C1C621A20BA06003B752C /* Base */,
			);
			name = Main.storyboard;
			sourceTree = "<group>";
		};
		189C1C661A20BA06003B752C /* LaunchScreen.xib */ = {
			isa = PBXVariantGroup;
			children = (
				189C1C671A20BA06003B752C /* Base */,
			);
			name = LaunchScreen.xib;
			sourceTree = "<group>";
		};
/* End PBXVariantGroup section */

/* Begin XCBuildConfiguration section */
		189C1C751A20BA06003B752C /* Debug */ = {
			isa = XCBuildConfiguration;
			buildSettings = {
				ALWAYS_SEARCH_USER_PATHS = NO;
				CLANG_CXX_LANGUAGE_STANDARD = "gnu++0x";
				CLANG_CXX_LIBRARY = "libc++";
				CLANG_ENABLE_MODULES = YES;
				CLANG_ENABLE_OBJC_ARC = YES;
				CLANG_WARN_BOOL_CONVERSION = YES;
				CLANG_WARN_CONSTANT_CONVERSION = YES;
				CLANG_WARN_DIRECT_OBJC_ISA_USAGE = YES_ERROR;
				CLANG_WARN_EMPTY_BODY = YES;
				CLANG_WARN_ENUM_CONVERSION = YES;
				CLANG_WARN_INT_CONVERSION = YES;
				CLANG_WARN_OBJC_ROOT_CLASS = YES_ERROR;
				CLANG_WARN_UNREACHABLE_CODE = YES;
				CLANG_WARN__DUPLICATE_METHOD_MATCH = YES;
				"CODE_SIGN_IDENTITY[sdk=iphoneos*]" = "iPhone Developer";
				COPY_PHASE_STRIP = NO;
				ENABLE_STRICT_OBJC_MSGSEND = YES;
				GCC_C_LANGUAGE_STANDARD = gnu99;
				GCC_DYNAMIC_NO_PIC = NO;
				GCC_OPTIMIZATION_LEVEL = 0;
				GCC_PREPROCESSOR_DEFINITIONS = (
					"DEBUG=1",
					"$(inherited)",
				);
				GCC_SYMBOLS_PRIVATE_EXTERN = NO;
				GCC_WARN_64_TO_32_BIT_CONVERSION = YES;
				GCC_WARN_ABOUT_RETURN_TYPE = YES_ERROR;
				GCC_WARN_UNDECLARED_SELECTOR = YES;
				GCC_WARN_UNINITIALIZED_AUTOS = YES_AGGRESSIVE;
				GCC_WARN_UNUSED_FUNCTION = YES;
				GCC_WARN_UNUSED_VARIABLE = YES;
				IPHONEOS_DEPLOYMENT_TARGET = 8.1;
				MTL_ENABLE_DEBUG_INFO = YES;
				ONLY_ACTIVE_ARCH = YES;
				SDKROOT = iphoneos;
			};
			name = Debug;
		};
		189C1C761A20BA06003B752C /* Release */ = {
			isa = XCBuildConfiguration;
			buildSettings = {
				ALWAYS_SEARCH_USER_PATHS = NO;
				CLANG_CXX_LANGUAGE_STANDARD = "gnu++0x";
				CLANG_CXX_LIBRARY = "libc++";
				CLANG_ENABLE_MODULES = YES;
				CLANG_ENABLE_OBJC_ARC = YES;
				CLANG_WARN_BOOL_CONVERSION = YES;
				CLANG_WARN_CONSTANT_CONVERSION = YES;
				CLANG_WARN_DIRECT_OBJC_ISA_USAGE = YES_ERROR;
				CLANG_WARN_EMPTY_BODY = YES;
				CLANG_WARN_ENUM_CONVERSION = YES;
				CLANG_WARN_INT_CONVERSION = YES;
				CLANG_WARN_OBJC_ROOT_CLASS = YES_ERROR;
				CLANG_WARN_UNREACHABLE_CODE = YES;
				CLANG_WARN__DUPLICATE_METHOD_MATCH = YES;
				"CODE_SIGN_IDENTITY[sdk=iphoneos*]" = "iPhone Developer";
				COPY_PHASE_STRIP = YES;
				ENABLE_NS_ASSERTIONS = NO;
				ENABLE_STRICT_OBJC_MSGSEND = YES;
				GCC_C_LANGUAGE_STANDARD = gnu99;
				GCC_WARN_64_TO_32_BIT_CONVERSION = YES;
				GCC_WARN_ABOUT_RETURN_TYPE = YES_ERROR;
				GCC_WARN_UNDECLARED_SELECTOR = YES;
				GCC_WARN_UNINITIALIZED_AUTOS = YES_AGGRESSIVE;
				GCC_WARN_UNUSED_FUNCTION = YES;
				GCC_WARN_UNUSED_VARIABLE = YES;
				IPHONEOS_DEPLOYMENT_TARGET = 8.1;
				MTL_ENABLE_DEBUG_INFO = NO;
				SDKROOT = iphoneos;
				VALIDATE_PRODUCT = YES;
			};
			name = Release;
		};
		189C1C781A20BA06003B752C /* Debug */ = {
			isa = XCBuildConfiguration;
			buildSettings = {
				ASSETCATALOG_COMPILER_APPICON_NAME = AppIcon;
				INFOPLIST_FILE = iOS/Info.plist;
				LD_RUNPATH_SEARCH_PATHS = "$(inherited) @executable_path/Frameworks";
				PRODUCT_NAME = "$(TARGET_NAME)";
			};
			name = Debug;
		};
		189C1C791A20BA06003B752C /* Release */ = {
			isa = XCBuildConfiguration;
			buildSettings = {
				ASSETCATALOG_COMPILER_APPICON_NAME = AppIcon;
				INFOPLIST_FILE = iOS/Info.plist;
				LD_RUNPATH_SEARCH_PATHS = "$(inherited) @executable_path/Frameworks";
				PRODUCT_NAME = "$(TARGET_NAME)";
			};
			name = Release;
		};
		189C1C7B1A20BA06003B752C /* Debug */ = {
			isa = XCBuildConfiguration;
			buildSettings = {
				BUNDLE_LOADER = "$(TEST_HOST)";
				FRAMEWORK_SEARCH_PATHS = (
					"$(SDKROOT)/Developer/Library/Frameworks",
					"$(inherited)",
				);
				GCC_PREPROCESSOR_DEFINITIONS = (
					"DEBUG=1",
					"$(inherited)",
				);
				INFOPLIST_FILE = iOSTests/Info.plist;
				LD_RUNPATH_SEARCH_PATHS = "$(inherited) @executable_path/Frameworks @loader_path/Frameworks";
				PRODUCT_NAME = "$(TARGET_NAME)";
				TEST_HOST = "$(BUILT_PRODUCTS_DIR)/iOS.app/iOS";
			};
			name = Debug;
		};
		189C1C7C1A20BA06003B752C /* Release */ = {
			isa = XCBuildConfiguration;
			buildSettings = {
				BUNDLE_LOADER = "$(TEST_HOST)";
				FRAMEWORK_SEARCH_PATHS = (
					"$(SDKROOT)/Developer/Library/Frameworks",
					"$(inherited)",
				);
				INFOPLIST_FILE = iOSTests/Info.plist;
				LD_RUNPATH_SEARCH_PATHS = "$(inherited) @executable_path/Frameworks @loader_path/Frameworks";
				PRODUCT_NAME = "$(TARGET_NAME)";
				TEST_HOST = "$(BUILT_PRODUCTS_DIR)/iOS.app/iOS";
			};
			name = Release;
		};
/* End XCBuildConfiguration section */

/* Begin XCConfigurationList section */
		189C1C4F1A20BA06003B752C /* Build configuration list for PBXProject "iOS" */ = {
			isa = XCConfigurationList;
			buildConfigurations = (
				189C1C751A20BA06003B752C /* Debug */,
				189C1C761A20BA06003B752C /* Release */,
			);
			defaultConfigurationIsVisible = 0;
			defaultConfigurationName = Release;
		};
		189C1C771A20BA06003B752C /* Build configuration list for PBXNativeTarget "iOS" */ = {
			isa = XCConfigurationList;
			buildConfigurations = (
				189C1C781A20BA06003B752C /* Debug */,
				189C1C791A20BA06003B752C /* Release */,
			);
			defaultConfigurationIsVisible = 0;
		};
		189C1C7A1A20BA06003B752C /* Build configuration list for PBXNativeTarget "iOSTests" */ = {
			isa = XCConfigurationList;
			buildConfigurations = (
				189C1C7B1A20BA06003B752C /* Debug */,
				189C1C7C1A20BA06003B752C /* Release */,
			);
			defaultConfigurationIsVisible = 0;
		};
/* End XCConfigurationList section */
	};
	rootObject = 189C1C4C1A20BA06003B752C /* Project object */;
}
